
Microsoft Visual Studio Solution File, Format Version 12.00
# Visual Studio Version 17
VisualStudioVersion = 17.10.35013.160
MinimumVisualStudioVersion = 10.0.40219.1
Project("{FAE04EC0-301F-11D3-BF4B-00C04F79EFBC}") = "C# Lesson", "C# Lesson.csproj", "{454EEA8F-8DA0-47BC-A800-FD5EF29F8161}"
EndProject
Global
	GlobalSection(SolutionConfigurationPlatforms) = preSolution
		Debug|Any CPU = Debug|Any CPU
		Release|Any CPU = Release|Any CPU
	EndGlobalSection
	GlobalSection(ProjectConfigurationPlatforms) = postSolution
		{454EEA8F-8DA0-47BC-A800-FD5EF29F8161}.Debug|Any CPU.ActiveCfg = Debug|Any CPU
		{454EEA8F-8DA0-47BC-A800-FD5EF29F8161}.Debug|Any CPU.Build.0 = Debug|Any CPU
		{454EEA8F-8DA0-47BC-A800-FD5EF29F8161}.Release|Any CPU.ActiveCfg = Release|Any CPU
		{454EEA8F-8DA0-47BC-A800-FD5EF29F8161}.Release|Any CPU.Build.0 = Release|Any CPU
	EndGlobalSection
	GlobalSection(SolutionProperties) = preSolution
		HideSolutionNode = FALSE
	EndGlobalSection
	GlobalSection(ExtensibilityGlobals) = postSolution
		SolutionGuid = {4F15EEAD-89BA-498C-B7DD-D594D0E2C46C}
	EndGlobalSection
EndGlobal
