
Microsoft Visual Studio Solution File, Format Version 12.00
# Visual Studio Version 17
VisualStudioVersion = 17.10.35013.160
MinimumVisualStudioVersion = 10.0.40219.1
Project("{FAE04EC0-301F-11D3-BF4B-00C04F79EFBC}") = "Question 4-Unit Convertor", "Question 4-Unit Convertor.csproj", "{0CF9EEC8-1932-4CD8-A8F5-692223C819F3}"
EndProject
Global
	GlobalSection(SolutionConfigurationPlatforms) = preSolution
		Debug|Any CPU = Debug|Any CPU
		Release|Any CPU = Release|Any CPU
	EndGlobalSection
	GlobalSection(ProjectConfigurationPlatforms) = postSolution
		{0CF9EEC8-1932-4CD8-A8F5-692223C819F3}.Debug|Any CPU.ActiveCfg = Debug|Any CPU
		{0CF9EEC8-1932-4CD8-A8F5-692223C819F3}.Debug|Any CPU.Build.0 = Debug|Any CPU
		{0CF9EEC8-1932-4CD8-A8F5-692223C819F3}.Release|Any CPU.ActiveCfg = Release|Any CPU
		{0CF9EEC8-1932-4CD8-A8F5-692223C819F3}.Release|Any CPU.Build.0 = Release|Any CPU
	EndGlobalSection
	GlobalSection(SolutionProperties) = preSolution
		HideSolutionNode = FALSE
	EndGlobalSection
	GlobalSection(ExtensibilityGlobals) = postSolution
		SolutionGuid = {C627F5F9-DE97-4121-B76E-9987036B69A5}
	EndGlobalSection
EndGlobal
